
Microsoft Visual Studio Solution File, Format Version 12.00
# Visual Studio Version 17
VisualStudioVersion = 17.7.34024.191
MinimumVisualStudioVersion = 10.0.40219.1
Project("{FAE04EC0-301F-11D3-BF4B-00C04F79EFBC}") = "greatAdventure", "greatAdventure\greatAdventure.csproj", "{2A3D393C-6BE9-4164-ABA2-F816B113772A}"
EndProject
Global
	GlobalSection(SolutionConfigurationPlatforms) = preSolution
		Debug|Any CPU = Debug|Any CPU
		Release|Any CPU = Release|Any CPU
	EndGlobalSection
	GlobalSection(ProjectConfigurationPlatforms) = postSolution
		{2A3D393C-6BE9-4164-ABA2-F816B113772A}.Debug|Any CPU.ActiveCfg = Debug|Any CPU
		{2A3D393C-6BE9-4164-ABA2-F816B113772A}.Debug|Any CPU.Build.0 = Debug|Any CPU
		{2A3D393C-6BE9-4164-ABA2-F816B113772A}.Release|Any CPU.ActiveCfg = Release|Any CPU
		{2A3D393C-6BE9-4164-ABA2-F816B113772A}.Release|Any CPU.Build.0 = Release|Any CPU
	EndGlobalSection
	GlobalSection(SolutionProperties) = preSolution
		HideSolutionNode = FALSE
	EndGlobalSection
	GlobalSection(ExtensibilityGlobals) = postSolution
		SolutionGuid = {170165A7-336F-433F-8A38-84CF0CF65E9A}
	EndGlobalSection
EndGlobal
